{
  "source_commit": "9bf4c6d86738d52f9c6cb3760b5395f5e11b5abf",
  "working_tree_dirty": false,
  "generated_at": "2026-08-15T16:47:57Z",
  "scanned_scope": [
    "."
  ],
  "excluded_directories": [
    ".cache",
    ".git",
    ".hg",
    ".next",
    ".nuxt",
    ".svn",
    ".turbo",
    ".venv",
    "__pycache__",
    "build",
    "coverage",
    "dist",
    "docs/codemap",
    "generated",
    "node_modules",
    "out",
    "target",
    "vendor",
    "venv"
  ],
  "fingerprint_algorithm": "sha256-path-content-v1",
  "modules": [
    {
      "id": ".",
      "path": ".",
      "file_count": 12,
      "fingerprint": "af386620243e8c79b36bdc69514f68a74a2fce1c35ab8d8634ea43a684849255"
    },
    {
      "id": ".github",
      "path": ".github",
      "file_count": 3,
      "fingerprint": "892e1010f78b3bb16c98176b2a30e36207158367906b7aaff2e4d03377370df3"
    },
    {
      "id": ".scratch",
      "path": ".scratch",
      "file_count": 891,
      "fingerprint": "b4324207499cf3e61476a0339c9bef7017cf26dfc256bbb21948bed68422bdb3"
    },
    {
      "id": ".vscode",
      "path": ".vscode",
      "file_count": 1,
      "fingerprint": "f5a23c8112290e7430c885c2116d29ea26a7a24fcb8046c96dd4683d89b71110"
    },
    {
      "id": "docs",
      "path": "docs",
      "file_count": 1915,
      "fingerprint": "dc7fa45334e660c248d092f04e1d914e18eb2ba26be6f97e4452877956382ee2"
    },
    {
      "id": "public",
      "path": "public",
      "file_count": 515,
      "fingerprint": "967529a522f075d33d4e6bba7f4826cb045a02f94bc164f16ed6a5dab05a006a"
    },
    {
      "id": "qa",
      "path": "qa",
      "file_count": 1,
      "fingerprint": "9ece042900cdbf26bf436e688c47397293ec15abeb5fa80553397de868f2cd2a"
    },
    {
      "id": "scripts",
      "path": "scripts",
      "file_count": 88,
      "fingerprint": "44edfc9b24a6b0dea66ac15ae7ab4576ada6a917ef9be026484d33661226ea7c"
    },
    {
      "id": "src",
      "path": "src",
      "file_count": 850,
      "fingerprint": "0b984c4d512918c6dc62a0b94bb35ab1db04b4ef015cc9223e1a17a5d9b41d72"
    }
  ]
}
