{
  "source_commit": "c9101ab18092191ae8320303c50b736436594425",
  "working_tree_dirty": false,
  "generated_at": "2026-08-15T09:55:20Z",
  "scanned_scope": [
    "."
  ],
  "excluded_directories": [
    ".cache",
    ".git",
    ".hg",
    ".next",
    ".nuxt",
    ".svn",
    ".turbo",
    ".venv",
    "__pycache__",
    "build",
    "coverage",
    "dist",
    "docs/codemap",
    "generated",
    "node_modules",
    "out",
    "target",
    "vendor",
    "venv"
  ],
  "fingerprint_algorithm": "sha256-path-content-v1",
  "modules": [
    {
      "id": ".",
      "path": ".",
      "file_count": 12,
      "fingerprint": "32fb394b46c3032fcd1d70e1affdefbcec5fa462f032ab80fd1cfb0b658847ac"
    },
    {
      "id": ".scratch",
      "path": ".scratch",
      "file_count": 873,
      "fingerprint": "6319ce402311372a198854604c397b0d035a41a2c4df23fc7c8e411b16ad280d"
    },
    {
      "id": ".vscode",
      "path": ".vscode",
      "file_count": 1,
      "fingerprint": "f5a23c8112290e7430c885c2116d29ea26a7a24fcb8046c96dd4683d89b71110"
    },
    {
      "id": "docs",
      "path": "docs",
      "file_count": 1908,
      "fingerprint": "2c441af85d6e6d103cfe28ab732de0813bb60dcbe9700bc6bdb0252f8a1c240f"
    },
    {
      "id": "public",
      "path": "public",
      "file_count": 515,
      "fingerprint": "967529a522f075d33d4e6bba7f4826cb045a02f94bc164f16ed6a5dab05a006a"
    },
    {
      "id": "qa",
      "path": "qa",
      "file_count": 1,
      "fingerprint": "9ece042900cdbf26bf436e688c47397293ec15abeb5fa80553397de868f2cd2a"
    },
    {
      "id": "scripts",
      "path": "scripts",
      "file_count": 88,
      "fingerprint": "1fc68ac3b97fa1b207a599880fb40615867b9fb06f7f5cea6f0a23ac9f3661c0"
    },
    {
      "id": "src",
      "path": "src",
      "file_count": 850,
      "fingerprint": "b72bd500841db04cc545976f055f3e22756de72313be7c8172eb124efe4bae0f"
    }
  ]
}
