{
  "source_commit": "537e9214aee037213ad4be881d11ba686c5d005e",
  "working_tree_dirty": false,
  "generated_at": "2026-08-15T03:46:26Z",
  "scanned_scope": [
    "."
  ],
  "excluded_directories": [
    ".cache",
    ".git",
    ".hg",
    ".next",
    ".nuxt",
    ".svn",
    ".turbo",
    ".venv",
    "__pycache__",
    "build",
    "coverage",
    "dist",
    "docs/codemap",
    "generated",
    "node_modules",
    "out",
    "target",
    "vendor",
    "venv"
  ],
  "fingerprint_algorithm": "sha256-path-content-v1",
  "modules": [
    {
      "id": ".",
      "path": ".",
      "file_count": 12,
      "fingerprint": "32fb394b46c3032fcd1d70e1affdefbcec5fa462f032ab80fd1cfb0b658847ac"
    },
    {
      "id": ".scratch",
      "path": ".scratch",
      "file_count": 848,
      "fingerprint": "21c375ce2b2926013b3304d3344964d99615f442444bfb5d5c6e9a91762125e4"
    },
    {
      "id": ".vscode",
      "path": ".vscode",
      "file_count": 1,
      "fingerprint": "f5a23c8112290e7430c885c2116d29ea26a7a24fcb8046c96dd4683d89b71110"
    },
    {
      "id": "docs",
      "path": "docs",
      "file_count": 1908,
      "fingerprint": "730d2cb6ca43070e5ab57218cac63c67465f660b1c9a13602efe16beab1a47c6"
    },
    {
      "id": "public",
      "path": "public",
      "file_count": 515,
      "fingerprint": "967529a522f075d33d4e6bba7f4826cb045a02f94bc164f16ed6a5dab05a006a"
    },
    {
      "id": "qa",
      "path": "qa",
      "file_count": 1,
      "fingerprint": "9ece042900cdbf26bf436e688c47397293ec15abeb5fa80553397de868f2cd2a"
    },
    {
      "id": "scripts",
      "path": "scripts",
      "file_count": 88,
      "fingerprint": "7dac22cb5f9ca4747d6f08f5674386944da57ca3fc77f314a76b9f751948a3e1"
    },
    {
      "id": "src",
      "path": "src",
      "file_count": 850,
      "fingerprint": "df05be636739686f96748a1590e00db60f1088c0f920dd09be02b48f71bfa968"
    }
  ]
}
